// !$*UTF8*$!
{
	archiveVersion = 1;
	classes = {
	};
	objectVersion = 46;
	objects = {

/* Begin PBXBuildFile section */
		4D23C0461D40A8E30088A497 /* main.m in Sources */ = {isa = PBXBuildFile; fileRef = 4D23C0451D40A8E30088A497 /* main.m */; };
		4D23C0491D40A8E30088A497 /* AppDelegate.m in Sources */ = {isa = PBXBuildFile; fileRef = 4D23C0481D40A8E30088A497 /* AppDelegate.m */; };
		4D23C04C1D40A8E30088A497 /* ViewController.m in Sources */ = {isa = PBXBuildFile; fileRef = 4D23C04B1D40A8E30088A497 /* ViewController.m */; };
		4D23C04F1D40A8E30088A497 /* Main.storyboard in Resources */ = {isa = PBXBuildFile; fileRef = 4D23C04D1D40A8E30088A497 /* Main.storyboard */; };
		4D23C0511D40A8E30088A497 /* Assets.xcassets in Resources */ = {isa = PBXBuildFile; fileRef = 4D23C0501D40A8E30088A497 /* Assets.xcassets */; };
		4D23C0541D40A8E30088A497 /* LaunchScreen.storyboard in Resources */ = {isa = PBXBuildFile; fileRef = 4D23C0521D40A8E30088A497 /* LaunchScreen.storyboard */; };
		4DC513B91D435E6200DE743C /* WgwTVC.m in Sources */ = {isa = PBXBuildFile; fileRef = 4DC513B81D435E6200DE743C /* WgwTVC.m */; };
		4DC513BC1D43601C00DE743C /* WgwMainViewController.m in Sources */ = {isa = PBXBuildFile; fileRef = 4DC513BB1D43601C00DE743C /* WgwMainViewController.m */; };
/* End PBXBuildFile section */

/* Begin PBXFileReference section */
		4D23C0411D40A8E30088A497 /* 抽屉.app */ = {isa = PBXFileReference; explicitFileType = wrapper.application; includeInIndex = 0; path = "抽屉.app"; sourceTree = BUILT_PRODUCTS_DIR; };
		4D23C0451D40A8E30088A497 /* main.m */ = {isa = PBXFileReference; lastKnownFileType = sourcecode.c.objc; path = main.m; sourceTree = "<group>"; };
		4D23C0471D40A8E30088A497 /* AppDelegate.h */ = {isa = PBXFileReference; lastKnownFileType = sourcecode.c.h; path = AppDelegate.h; sourceTree = "<group>"; };
		4D23C0481D40A8E30088A497 /* AppDelegate.m */ = {isa = PBXFileReference; lastKnownFileType = sourcecode.c.objc; path = AppDelegate.m; sourceTree = "<group>"; };
		4D23C04A1D40A8E30088A497 /* ViewController.h */ = {isa = PBXFileReference; lastKnownFileType = sourcecode.c.h; path = ViewController.h; sourceTree = "<group>"; };
		4D23C04B1D40A8E30088A497 /* ViewController.m */ = {isa = PBXFileReference; lastKnownFileType = sourcecode.c.objc; path = ViewController.m; sourceTree = "<group>"; };
		4D23C04E1D40A8E30088A497 /* Base */ = {isa = PBXFileReference; lastKnownFileType = file.storyboard; name = Base; path = Base.lproj/Main.storyboard; sourceTree = "<group>"; };
		4D23C0501D40A8E30088A497 /* Assets.xcassets */ = {isa = PBXFileReference; lastKnownFileType = folder.assetcatalog; path = Assets.xcassets; sourceTree = "<group>"; };
		4D23C0531D40A8E30088A497 /* Base */ = {isa = PBXFileReference; lastKnownFileType = file.storyboard; name = Base; path = Base.lproj/LaunchScreen.storyboard; sourceTree = "<group>"; };
		4D23C0551D40A8E30088A497 /* Info.plist */ = {isa = PBXFileReference; lastKnownFileType = text.plist.xml; path = Info.plist; sourceTree = "<group>"; };
		4DC513B71D435E6200DE743C /* WgwTVC.h */ = {isa = PBXFileReference; fileEncoding = 4; lastKnownFileType = sourcecode.c.h; path = WgwTVC.h; sourceTree = "<group>"; };
		4DC513B81D435E6200DE743C /* WgwTVC.m */ = {isa = PBXFileReference; fileEncoding = 4; lastKnownFileType = sourcecode.c.objc; path = WgwTVC.m; sourceTree = "<group>"; };
		4DC513BA1D43601C00DE743C /* WgwMainViewController.h */ = {isa = PBXFileReference; fileEncoding = 4; lastKnownFileType = sourcecode.c.h; path = WgwMainViewController.h; sourceTree = "<group>"; };
		4DC513BB1D43601C00DE743C /* WgwMainViewController.m */ = {isa = PBXFileReference; fileEncoding = 4; lastKnownFileType = sourcecode.c.objc; path = WgwMainViewController.m; sourceTree = "<group>"; };
/* End PBXFileReference section */

/* Begin PBXFrameworksBuildPhase section */
		4D23C03E1D40A8E30088A497 /* Frameworks */ = {
			isa = PBXFrameworksBuildPhase;
			buildActionMask = 2147483647;
			files = (
			);
			runOnlyForDeploymentPostprocessing = 0;
		};
/* End PBXFrameworksBuildPhase section */

/* Begin PBXGroup section */
		4D23C0381D40A8E30088A497 = {
			isa = PBXGroup;
			children = (
				4D23C0431D40A8E30088A497 /* 抽屉 */,
				4D23C0421D40A8E30088A497 /* Products */,
			);
			sourceTree = "<group>";
		};
		4D23C0421D40A8E30088A497 /* Products */ = {
			isa = PBXGroup;
			children = (
				4D23C0411D40A8E30088A497 /* 抽屉.app */,
			);
			name = Products;
			sourceTree = "<group>";
		};
		4D23C0431D40A8E30088A497 /* 抽屉 */ = {
			isa = PBXGroup;
			children = (
				4D23C0471D40A8E30088A497 /* AppDelegate.h */,
				4D23C0481D40A8E30088A497 /* AppDelegate.m */,
				4D23C04A1D40A8E30088A497 /* ViewController.h */,
				4D23C04B1D40A8E30088A497 /* ViewController.m */,
				4DC513B71D435E6200DE743C /* WgwTVC.h */,
				4DC513B81D435E6200DE743C /* WgwTVC.m */,
				4DC513BA1D43601C00DE743C /* WgwMainViewController.h */,
				4DC513BB1D43601C00DE743C /* WgwMainViewController.m */,
				4D23C04D1D40A8E30088A497 /* Main.storyboard */,
				4D23C0501D40A8E30088A497 /* Assets.xcassets */,
				4D23C0521D40A8E30088A497 /* LaunchScreen.storyboard */,
				4D23C0551D40A8E30088A497 /* Info.plist */,
				4D23C0441D40A8E30088A497 /* Supporting Files */,
			);
			path = "抽屉";
			sourceTree = "<group>";
		};
		4D23C0441D40A8E30088A497 /* Supporting Files */ = {
			isa = PBXGroup;
			children = (
				4D23C0451D40A8E30088A497 /* main.m */,
			);
			name = "Supporting Files";
			sourceTree = "<group>";
		};
/* End PBXGroup section */

/* Begin PBXNativeTarget section */
		4D23C0401D40A8E30088A497 /* 抽屉 */ = {
			isa = PBXNativeTarget;
			buildConfigurationList = 4D23C0581D40A8E30088A497 /* Build configuration list for PBXNativeTarget "抽屉" */;
			buildPhases = (
				4D23C03D1D40A8E30088A497 /* Sources */,
				4D23C03E1D40A8E30088A497 /* Frameworks */,
				4D23C03F1D40A8E30088A497 /* Resources */,
			);
			buildRules = (
			);
			dependencies = (
			);
			name = "抽屉";
			productName = "抽屉";
			productReference = 4D23C0411D40A8E30088A497 /* 抽屉.app */;
			productType = "com.apple.product-type.application";
		};
/* End PBXNativeTarget section */

/* Begin PBXProject section */
		4D23C0391D40A8E30088A497 /* Project object */ = {
			isa = PBXProject;
			attributes = {
				LastUpgradeCheck = 0720;
				ORGANIZATIONNAME = niuwan;
				TargetAttributes = {
					4D23C0401D40A8E30088A497 = {
						CreatedOnToolsVersion = 7.2.1;
					};
				};
			};
			buildConfigurationList = 4D23C03C1D40A8E30088A497 /* Build configuration list for PBXProject "抽屉" */;
			compatibilityVersion = "Xcode 3.2";
			developmentRegion = English;
			hasScannedForEncodings = 0;
			knownRegions = (
				en,
				Base,
			);
			mainGroup = 4D23C0381D40A8E30088A497;
			productRefGroup = 4D23C0421D40A8E30088A497 /* Products */;
			projectDirPath = "";
			projectRoot = "";
			targets = (
				4D23C0401D40A8E30088A497 /* 抽屉 */,
			);
		};
/* End PBXProject section */

/* Begin PBXResourcesBuildPhase section */
		4D23C03F1D40A8E30088A497 /* Resources */ = {
			isa = PBXResourcesBuildPhase;
			buildActionMask = 2147483647;
			files = (
				4D23C0541D40A8E30088A497 /* LaunchScreen.storyboard in Resources */,
				4D23C0511D40A8E30088A497 /* Assets.xcassets in Resources */,
				4D23C04F1D40A8E30088A497 /* Main.storyboard in Resources */,
			);
			runOnlyForDeploymentPostprocessing = 0;
		};
/* End PBXResourcesBuildPhase section */

/* Begin PBXSourcesBuildPhase section */
		4D23C03D1D40A8E30088A497 /* Sources */ = {
			isa = PBXSourcesBuildPhase;
			buildActionMask = 2147483647;
			files = (
				4D23C04C1D40A8E30088A497 /* ViewController.m in Sources */,
				4DC513BC1D43601C00DE743C /* WgwMainViewController.m in Sources */,
				4DC513B91D435E6200DE743C /* WgwTVC.m in Sources */,
				4D23C0491D40A8E30088A497 /* AppDelegate.m in Sources */,
				4D23C0461D40A8E30088A497 /* main.m in Sources */,
			);
			runOnlyForDeploymentPostprocessing = 0;
		};
/* End PBXSourcesBuildPhase section */

/* Begin PBXVariantGroup section */
		4D23C04D1D40A8E30088A497 /* Main.storyboard */ = {
			isa = PBXVariantGroup;
			children = (
				4D23C04E1D40A8E30088A497 /* Base */,
			);
			name = Main.storyboard;
			sourceTree = "<group>";
		};
		4D23C0521D40A8E30088A497 /* LaunchScreen.storyboard */ = {
			isa = PBXVariantGroup;
			children = (
				4D23C0531D40A8E30088A497 /* Base */,
			);
			name = LaunchScreen.storyboard;
			sourceTree = "<group>";
		};
/* End PBXVariantGroup section */

/* Begin XCBuildConfiguration section */
		4D23C0561D40A8E30088A497 /* Debug */ = {
			isa = XCBuildConfiguration;
			buildSettings = {
				ALWAYS_SEARCH_USER_PATHS = NO;
				CLANG_CXX_LANGUAGE_STANDARD = "gnu++0x";
				CLANG_CXX_LIBRARY = "libc++";
				CLANG_ENABLE_MODULES = YES;
				CLANG_ENABLE_OBJC_ARC = YES;
				CLANG_WARN_BOOL_CONVERSION = YES;
				CLANG_WARN_CONSTANT_CONVERSION = YES;
				CLANG_WARN_DIRECT_OBJC_ISA_USAGE = YES_ERROR;
				CLANG_WARN_EMPTY_BODY = YES;
				CLANG_WARN_ENUM_CONVERSION = YES;
				CLANG_WARN_INT_CONVERSION = YES;
				CLANG_WARN_OBJC_ROOT_CLASS = YES_ERROR;
				CLANG_WARN_UNREACHABLE_CODE = YES;
				CLANG_WARN__DUPLICATE_METHOD_MATCH = YES;
				"CODE_SIGN_IDENTITY[sdk=iphoneos*]" = "iPhone Developer";
				COPY_PHASE_STRIP = NO;
				DEBUG_INFORMATION_FORMAT = dwarf;
				ENABLE_STRICT_OBJC_MSGSEND = YES;
				ENABLE_TESTABILITY = YES;
				GCC_C_LANGUAGE_STANDARD = gnu99;
				GCC_DYNAMIC_NO_PIC = NO;
				GCC_NO_COMMON_BLOCKS = YES;
				GCC_OPTIMIZATION_LEVEL = 0;
				GCC_PREPROCESSOR_DEFINITIONS = (
					"DEBUG=1",
					"$(inherited)",
				);
				GCC_WARN_64_TO_32_BIT_CONVERSION = YES;
				GCC_WARN_ABOUT_RETURN_TYPE = YES_ERROR;
				GCC_WARN_UNDECLARED_SELECTOR = YES;
				GCC_WARN_UNINITIALIZED_AUTOS = YES_AGGRESSIVE;
				GCC_WARN_UNUSED_FUNCTION = YES;
				GCC_WARN_UNUSED_VARIABLE = YES;
				IPHONEOS_DEPLOYMENT_TARGET = 9.2;
				MTL_ENABLE_DEBUG_INFO = YES;
				ONLY_ACTIVE_ARCH = YES;
				SDKROOT = iphoneos;
			};
			name = Debug;
		};
		4D23C0571D40A8E30088A497 /* Release */ = {
			isa = XCBuildConfiguration;
			buildSettings = {
				ALWAYS_SEARCH_USER_PATHS = NO;
				CLANG_CXX_LANGUAGE_STANDARD = "gnu++0x";
				CLANG_CXX_LIBRARY = "libc++";
				CLANG_ENABLE_MODULES = YES;
				CLANG_ENABLE_OBJC_ARC = YES;
				CLANG_WARN_BOOL_CONVERSION = YES;
				CLANG_WARN_CONSTANT_CONVERSION = YES;
				CLANG_WARN_DIRECT_OBJC_ISA_USAGE = YES_ERROR;
				CLANG_WARN_EMPTY_BODY = YES;
				CLANG_WARN_ENUM_CONVERSION = YES;
				CLANG_WARN_INT_CONVERSION = YES;
				CLANG_WARN_OBJC_ROOT_CLASS = YES_ERROR;
				CLANG_WARN_UNREACHABLE_CODE = YES;
				CLANG_WARN__DUPLICATE_METHOD_MATCH = YES;
				"CODE_SIGN_IDENTITY[sdk=iphoneos*]" = "iPhone Developer";
				COPY_PHASE_STRIP = NO;
				DEBUG_INFORMATION_FORMAT = "dwarf-with-dsym";
				ENABLE_NS_ASSERTIONS = NO;
				ENABLE_STRICT_OBJC_MSGSEND = YES;
				GCC_C_LANGUAGE_STANDARD = gnu99;
				GCC_NO_COMMON_BLOCKS = YES;
				GCC_WARN_64_TO_32_BIT_CONVERSION = YES;
				GCC_WARN_ABOUT_RETURN_TYPE = YES_ERROR;
				GCC_WARN_UNDECLARED_SELECTOR = YES;
				GCC_WARN_UNINITIALIZED_AUTOS = YES_AGGRESSIVE;
				GCC_WARN_UNUSED_FUNCTION = YES;
				GCC_WARN_UNUSED_VARIABLE = YES;
				IPHONEOS_DEPLOYMENT_TARGET = 9.2;
				MTL_ENABLE_DEBUG_INFO = NO;
				SDKROOT = iphoneos;
				VALIDATE_PRODUCT = YES;
			};
			name = Release;
		};
		4D23C0591D40A8E30088A497 /* Debug */ = {
			isa = XCBuildConfiguration;
			buildSettings = {
				ASSETCATALOG_COMPILER_APPICON_NAME = AppIcon;
				INFOPLIST_FILE = "抽屉/Info.plist";
				LD_RUNPATH_SEARCH_PATHS = "$(inherited) @executable_path/Frameworks";
				PRODUCT_BUNDLE_IDENTIFIER = "xuanse.--";
				PRODUCT_NAME = "$(TARGET_NAME)";
			};
			name = Debug;
		};
		4D23C05A1D40A8E30088A497 /* Release */ = {
			isa = XCBuildConfiguration;
			buildSettings = {
				ASSETCATALOG_COMPILER_APPICON_NAME = AppIcon;
				INFOPLIST_FILE = "抽屉/Info.plist";
				LD_RUNPATH_SEARCH_PATHS = "$(inherited) @executable_path/Frameworks";
				PRODUCT_BUNDLE_IDENTIFIER = "xuanse.--";
				PRODUCT_NAME = "$(TARGET_NAME)";
			};
			name = Release;
		};
/* End XCBuildConfiguration section */

/* Begin XCConfigurationList section */
		4D23C03C1D40A8E30088A497 /* Build configuration list for PBXProject "抽屉" */ = {
			isa = XCConfigurationList;
			buildConfigurations = (
				4D23C0561D40A8E30088A497 /* Debug */,
				4D23C0571D40A8E30088A497 /* Release */,
			);
			defaultConfigurationIsVisible = 0;
			defaultConfigurationName = Release;
		};
		4D23C0581D40A8E30088A497 /* Build configuration list for PBXNativeTarget "抽屉" */ = {
			isa = XCConfigurationList;
			buildConfigurations = (
				4D23C0591D40A8E30088A497 /* Debug */,
				4D23C05A1D40A8E30088A497 /* Release */,
			);
			defaultConfigurationIsVisible = 0;
			defaultConfigurationName = Release;
		};
/* End XCConfigurationList section */
	};
	rootObject = 4D23C0391D40A8E30088A497 /* Project object */;
}
